// !$*UTF8*$!
{
	archiveVersion = 1;
	classes = {
	};
	objectVersion = 46;
	objects = {

/* Begin PBXBuildFile section */
		7CC490DB1B87883400538501 /* GoogleOpenSource.framework in Frameworks */ = {isa = PBXBuildFile; fileRef = 7CC490D81B87883400538501 /* GoogleOpenSource.framework */; };
		7CC490DC1B87883400538501 /* GooglePlus.framework in Frameworks */ = {isa = PBXBuildFile; fileRef = 7CC490DA1B87883400538501 /* GooglePlus.framework */; };
		7CECB50B1B57EF1400B6A8A2 /* RCTGooglePlusLoginManager.m in Sources */ = {isa = PBXBuildFile; fileRef = 7CECB50A1B57EF1400B6A8A2 /* RCTGooglePlusLoginManager.m */; };
		7CECB50E1B57EFD700B6A8A2 /* RCTGooglePlusLoginButton.m in Sources */ = {isa = PBXBuildFile; fileRef = 7CECB50D1B57EFD700B6A8A2 /* RCTGooglePlusLoginButton.m */; };
		7CECB5331B58089500B6A8A2 /* CoreLocation.framework in Frameworks */ = {isa = PBXBuildFile; fileRef = 7CECB5321B58089500B6A8A2 /* CoreLocation.framework */; };
		7CECB5351B58089A00B6A8A2 /* CoreMotion.framework in Frameworks */ = {isa = PBXBuildFile; fileRef = 7CECB5341B58089A00B6A8A2 /* CoreMotion.framework */; };
		7CECB5371B58089D00B6A8A2 /* AddressBook.framework in Frameworks */ = {isa = PBXBuildFile; fileRef = 7CECB5361B58089D00B6A8A2 /* AddressBook.framework */; };
		7CECB5391B5808A200B6A8A2 /* AssetsLibrary.framework in Frameworks */ = {isa = PBXBuildFile; fileRef = 7CECB5381B5808A200B6A8A2 /* AssetsLibrary.framework */; };
		7CECB53B1B5808A600B6A8A2 /* UIKit.framework in Frameworks */ = {isa = PBXBuildFile; fileRef = 7CECB53A1B5808A600B6A8A2 /* UIKit.framework */; };
		7CECB53D1B5808AE00B6A8A2 /* Foundation.framework in Frameworks */ = {isa = PBXBuildFile; fileRef = 7CECB53C1B5808AE00B6A8A2 /* Foundation.framework */; };
		7CECB53F1B5808D200B6A8A2 /* CoreGraphics.framework in Frameworks */ = {isa = PBXBuildFile; fileRef = 7CECB53E1B5808D200B6A8A2 /* CoreGraphics.framework */; };
		7CECB5411B5808D600B6A8A2 /* CoreText.framework in Frameworks */ = {isa = PBXBuildFile; fileRef = 7CECB5401B5808D600B6A8A2 /* CoreText.framework */; };
		7CECB5431B5808E000B6A8A2 /* MediaPlayer.framework in Frameworks */ = {isa = PBXBuildFile; fileRef = 7CECB5421B5808E000B6A8A2 /* MediaPlayer.framework */; };
		7CECB5451B5808E500B6A8A2 /* Security.framework in Frameworks */ = {isa = PBXBuildFile; fileRef = 7CECB5441B5808E500B6A8A2 /* Security.framework */; };
		7CECB5471B5808ED00B6A8A2 /* SystemConfiguration.framework in Frameworks */ = {isa = PBXBuildFile; fileRef = 7CECB5461B5808ED00B6A8A2 /* SystemConfiguration.framework */; };
/* End PBXBuildFile section */

/* Begin PBXCopyFilesBuildPhase section */
		7CECB4F01B57EE2A00B6A8A2 /* CopyFiles */ = {
			isa = PBXCopyFilesBuildPhase;
			buildActionMask = 2147483647;
			dstPath = "include/$(PRODUCT_NAME)";
			dstSubfolderSpec = 16;
			files = (
			);
			runOnlyForDeploymentPostprocessing = 0;
		};
/* End PBXCopyFilesBuildPhase section */

/* Begin PBXFileReference section */
		7CC490D81B87883400538501 /* GoogleOpenSource.framework */ = {isa = PBXFileReference; lastKnownFileType = wrapper.framework; name = GoogleOpenSource.framework; path = "google-plus-sdk/GoogleOpenSource.framework"; sourceTree = "<group>"; };
		7CC490D91B87883400538501 /* GooglePlus.bundle */ = {isa = PBXFileReference; lastKnownFileType = "wrapper.plug-in"; name = GooglePlus.bundle; path = "google-plus-sdk/GooglePlus.bundle"; sourceTree = "<group>"; };
		7CC490DA1B87883400538501 /* GooglePlus.framework */ = {isa = PBXFileReference; lastKnownFileType = wrapper.framework; name = GooglePlus.framework; path = "google-plus-sdk/GooglePlus.framework"; sourceTree = "<group>"; };
		7CECB4F21B57EE2A00B6A8A2 /* libRCTGooglePlusLogin.a */ = {isa = PBXFileReference; explicitFileType = archive.ar; includeInIndex = 0; path = libRCTGooglePlusLogin.a; sourceTree = BUILT_PRODUCTS_DIR; };
		7CECB5091B57EF1400B6A8A2 /* RCTGooglePlusLoginManager.h */ = {isa = PBXFileReference; fileEncoding = 4; lastKnownFileType = sourcecode.c.h; name = RCTGooglePlusLoginManager.h; path = RCTGooglePlusLogin/RCTGooglePlusLoginManager.h; sourceTree = "<group>"; };
		7CECB50A1B57EF1400B6A8A2 /* RCTGooglePlusLoginManager.m */ = {isa = PBXFileReference; fileEncoding = 4; lastKnownFileType = sourcecode.c.objc; name = RCTGooglePlusLoginManager.m; path = RCTGooglePlusLogin/RCTGooglePlusLoginManager.m; sourceTree = "<group>"; };
		7CECB50C1B57EFD700B6A8A2 /* RCTGooglePlusLoginButton.h */ = {isa = PBXFileReference; fileEncoding = 4; lastKnownFileType = sourcecode.c.h; name = RCTGooglePlusLoginButton.h; path = RCTGooglePlusLogin/RCTGooglePlusLoginButton.h; sourceTree = "<group>"; };
		7CECB50D1B57EFD700B6A8A2 /* RCTGooglePlusLoginButton.m */ = {isa = PBXFileReference; fileEncoding = 4; lastKnownFileType = sourcecode.c.objc; name = RCTGooglePlusLoginButton.m; path = RCTGooglePlusLogin/RCTGooglePlusLoginButton.m; sourceTree = "<group>"; };
		7CECB5321B58089500B6A8A2 /* CoreLocation.framework */ = {isa = PBXFileReference; lastKnownFileType = wrapper.framework; name = CoreLocation.framework; path = System/Library/Frameworks/CoreLocation.framework; sourceTree = SDKROOT; };
		7CECB5341B58089A00B6A8A2 /* CoreMotion.framework */ = {isa = PBXFileReference; lastKnownFileType = wrapper.framework; name = CoreMotion.framework; path = System/Library/Frameworks/CoreMotion.framework; sourceTree = SDKROOT; };
		7CECB5361B58089D00B6A8A2 /* AddressBook.framework */ = {isa = PBXFileReference; lastKnownFileType = wrapper.framework; name = AddressBook.framework; path = System/Library/Frameworks/AddressBook.framework; sourceTree = SDKROOT; };
		7CECB5381B5808A200B6A8A2 /* AssetsLibrary.framework */ = {isa = PBXFileReference; lastKnownFileType = wrapper.framework; name = AssetsLibrary.framework; path = System/Library/Frameworks/AssetsLibrary.framework; sourceTree = SDKROOT; };
		7CECB53A1B5808A600B6A8A2 /* UIKit.framework */ = {isa = PBXFileReference; lastKnownFileType = wrapper.framework; name = UIKit.framework; path = System/Library/Frameworks/UIKit.framework; sourceTree = SDKROOT; };
		7CECB53C1B5808AE00B6A8A2 /* Foundation.framework */ = {isa = PBXFileReference; lastKnownFileType = wrapper.framework; name = Foundation.framework; path = System/Library/Frameworks/Foundation.framework; sourceTree = SDKROOT; };
		7CECB53E1B5808D200B6A8A2 /* CoreGraphics.framework */ = {isa = PBXFileReference; lastKnownFileType = wrapper.framework; name = CoreGraphics.framework; path = System/Library/Frameworks/CoreGraphics.framework; sourceTree = SDKROOT; };
		7CECB5401B5808D600B6A8A2 /* CoreText.framework */ = {isa = PBXFileReference; lastKnownFileType = wrapper.framework; name = CoreText.framework; path = System/Library/Frameworks/CoreText.framework; sourceTree = SDKROOT; };
		7CECB5421B5808E000B6A8A2 /* MediaPlayer.framework */ = {isa = PBXFileReference; lastKnownFileType = wrapper.framework; name = MediaPlayer.framework; path = System/Library/Frameworks/MediaPlayer.framework; sourceTree = SDKROOT; };
		7CECB5441B5808E500B6A8A2 /* Security.framework */ = {isa = PBXFileReference; lastKnownFileType = wrapper.framework; name = Security.framework; path = System/Library/Frameworks/Security.framework; sourceTree = SDKROOT; };
		7CECB5461B5808ED00B6A8A2 /* SystemConfiguration.framework */ = {isa = PBXFileReference; lastKnownFileType = wrapper.framework; name = SystemConfiguration.framework; path = System/Library/Frameworks/SystemConfiguration.framework; sourceTree = SDKROOT; };
/* End PBXFileReference section */

/* Begin PBXFrameworksBuildPhase section */
		7CECB4EF1B57EE2A00B6A8A2 /* Frameworks */ = {
			isa = PBXFrameworksBuildPhase;
			buildActionMask = 2147483647;
			files = (
				7CECB5471B5808ED00B6A8A2 /* SystemConfiguration.framework in Frameworks */,
				7CECB5451B5808E500B6A8A2 /* Security.framework in Frameworks */,
				7CECB5431B5808E000B6A8A2 /* MediaPlayer.framework in Frameworks */,
				7CECB5411B5808D600B6A8A2 /* CoreText.framework in Frameworks */,
				7CECB53F1B5808D200B6A8A2 /* CoreGraphics.framework in Frameworks */,
				7CC490DC1B87883400538501 /* GooglePlus.framework in Frameworks */,
				7CECB53D1B5808AE00B6A8A2 /* Foundation.framework in Frameworks */,
				7CECB53B1B5808A600B6A8A2 /* UIKit.framework in Frameworks */,
				7CECB5391B5808A200B6A8A2 /* AssetsLibrary.framework in Frameworks */,
				7CECB5371B58089D00B6A8A2 /* AddressBook.framework in Frameworks */,
				7CECB5351B58089A00B6A8A2 /* CoreMotion.framework in Frameworks */,
				7CC490DB1B87883400538501 /* GoogleOpenSource.framework in Frameworks */,
				7CECB5331B58089500B6A8A2 /* CoreLocation.framework in Frameworks */,
			);
			runOnlyForDeploymentPostprocessing = 0;
		};
/* End PBXFrameworksBuildPhase section */

/* Begin PBXGroup section */
		13B07FAE1A68108700A75B9A /* RCTGooglePlusLogin */ = {
			isa = PBXGroup;
			children = (
				7CECB5091B57EF1400B6A8A2 /* RCTGooglePlusLoginManager.h */,
				7CECB50A1B57EF1400B6A8A2 /* RCTGooglePlusLoginManager.m */,
				7CECB50C1B57EFD700B6A8A2 /* RCTGooglePlusLoginButton.h */,
				7CECB50D1B57EFD700B6A8A2 /* RCTGooglePlusLoginButton.m */,
				7CECB50F1B57F2BE00B6A8A2 /* Frameworks */,
			);
			name = RCTGooglePlusLogin;
			sourceTree = "<group>";
		};
		7CECB50F1B57F2BE00B6A8A2 /* Frameworks */ = {
			isa = PBXGroup;
			children = (
				7CC490D81B87883400538501 /* GoogleOpenSource.framework */,
				7CC490D91B87883400538501 /* GooglePlus.bundle */,
				7CC490DA1B87883400538501 /* GooglePlus.framework */,
				7CECB5461B5808ED00B6A8A2 /* SystemConfiguration.framework */,
				7CECB5441B5808E500B6A8A2 /* Security.framework */,
				7CECB5421B5808E000B6A8A2 /* MediaPlayer.framework */,
				7CECB5401B5808D600B6A8A2 /* CoreText.framework */,
				7CECB53E1B5808D200B6A8A2 /* CoreGraphics.framework */,
				7CECB53C1B5808AE00B6A8A2 /* Foundation.framework */,
				7CECB53A1B5808A600B6A8A2 /* UIKit.framework */,
				7CECB5381B5808A200B6A8A2 /* AssetsLibrary.framework */,
				7CECB5361B58089D00B6A8A2 /* AddressBook.framework */,
				7CECB5341B58089A00B6A8A2 /* CoreMotion.framework */,
				7CECB5321B58089500B6A8A2 /* CoreLocation.framework */,
			);
			name = Frameworks;
			sourceTree = "<group>";
		};
		83CBB9F61A601CBA00E9B192 = {
			isa = PBXGroup;
			children = (
				13B07FAE1A68108700A75B9A /* RCTGooglePlusLogin */,
				83CBBA001A601CBA00E9B192 /* Products */,
			);
			indentWidth = 2;
			sourceTree = "<group>";
			tabWidth = 2;
		};
		83CBBA001A601CBA00E9B192 /* Products */ = {
			isa = PBXGroup;
			children = (
				7CECB4F21B57EE2A00B6A8A2 /* libRCTGooglePlusLogin.a */,
			);
			name = Products;
			sourceTree = "<group>";
		};
/* End PBXGroup section */

/* Begin PBXNativeTarget section */
		7CECB4F11B57EE2A00B6A8A2 /* RCTGooglePlusLogin */ = {
			isa = PBXNativeTarget;
			buildConfigurationList = 7CECB5031B57EE2B00B6A8A2 /* Build configuration list for PBXNativeTarget "RCTGooglePlusLogin" */;
			buildPhases = (
				7CECB4EE1B57EE2A00B6A8A2 /* Sources */,
				7CECB4EF1B57EE2A00B6A8A2 /* Frameworks */,
				7CECB4F01B57EE2A00B6A8A2 /* CopyFiles */,
			);
			buildRules = (
			);
			dependencies = (
			);
			name = RCTGooglePlusLogin;
			productName = RCTGooglePlusLogin;
			productReference = 7CECB4F21B57EE2A00B6A8A2 /* libRCTGooglePlusLogin.a */;
			productType = "com.apple.product-type.library.static";
		};
/* End PBXNativeTarget section */

/* Begin PBXProject section */
		83CBB9F71A601CBA00E9B192 /* Project object */ = {
			isa = PBXProject;
			attributes = {
				LastUpgradeCheck = 0610;
				ORGANIZATIONNAME = Facebook;
				TargetAttributes = {
					7CECB4F11B57EE2A00B6A8A2 = {
						CreatedOnToolsVersion = 6.4;
					};
				};
			};
			buildConfigurationList = 83CBB9FA1A601CBA00E9B192 /* Build configuration list for PBXProject "RCTGooglePlusLogin" */;
			compatibilityVersion = "Xcode 3.2";
			developmentRegion = English;
			hasScannedForEncodings = 0;
			knownRegions = (
				en,
				Base,
			);
			mainGroup = 83CBB9F61A601CBA00E9B192;
			productRefGroup = 83CBBA001A601CBA00E9B192 /* Products */;
			projectDirPath = "";
			projectRoot = "";
			targets = (
				7CECB4F11B57EE2A00B6A8A2 /* RCTGooglePlusLogin */,
			);
		};
/* End PBXProject section */

/* Begin PBXSourcesBuildPhase section */
		7CECB4EE1B57EE2A00B6A8A2 /* Sources */ = {
			isa = PBXSourcesBuildPhase;
			buildActionMask = 2147483647;
			files = (
				7CECB50E1B57EFD700B6A8A2 /* RCTGooglePlusLoginButton.m in Sources */,
				7CECB50B1B57EF1400B6A8A2 /* RCTGooglePlusLoginManager.m in Sources */,
			);
			runOnlyForDeploymentPostprocessing = 0;
		};
/* End PBXSourcesBuildPhase section */

/* Begin XCBuildConfiguration section */
		7CECB5041B57EE2B00B6A8A2 /* Debug */ = {
			isa = XCBuildConfiguration;
			buildSettings = {
				DEBUG_INFORMATION_FORMAT = "dwarf-with-dsym";
				FRAMEWORK_SEARCH_PATHS = (
					"$(inherited)",
					"$(PROJECT_DIR)/google-plus-sdk/**",
				);
				GCC_NO_COMMON_BLOCKS = YES;
				GCC_PREPROCESSOR_DEFINITIONS = (
					"DEBUG=1",
					"$(inherited)",
				);
				HEADER_SEARCH_PATHS = (
					"$(inherited)",
					"$(PROJECT_DIR)/node_modules/react-native/React",
					"$(SRCROOT)/node_modules/react-native/React/**",
					"$(SRCROOT)/../react-native/React/**",
				);
				IPHONEOS_DEPLOYMENT_TARGET = 8.4;
				OTHER_LDFLAGS = "-ObjC";
				PRODUCT_NAME = "$(TARGET_NAME)";
				SKIP_INSTALL = YES;
			};
			name = Debug;
		};
		7CECB5051B57EE2B00B6A8A2 /* Release */ = {
			isa = XCBuildConfiguration;
			buildSettings = {
				COPY_PHASE_STRIP = NO;
				DEBUG_INFORMATION_FORMAT = "dwarf-with-dsym";
				FRAMEWORK_SEARCH_PATHS = (
					"$(inherited)",
					"$(PROJECT_DIR)/google-plus-sdk/**",
				);
				GCC_NO_COMMON_BLOCKS = YES;
				HEADER_SEARCH_PATHS = (
					"$(inherited)",
					"$(PROJECT_DIR)/node_modules/react-native/React",
					"$(SRCROOT)/node_modules/react-native/React/**",
					"$(SRCROOT)/../react-native/React/**",
				);
				IPHONEOS_DEPLOYMENT_TARGET = 8.4;
				OTHER_LDFLAGS = "-ObjC";
				PRODUCT_NAME = "$(TARGET_NAME)";
				SKIP_INSTALL = YES;
			};
			name = Release;
		};
		83CBBA201A601CBA00E9B192 /* Debug */ = {
			isa = XCBuildConfiguration;
			buildSettings = {
				ALWAYS_SEARCH_USER_PATHS = NO;
				CLANG_CXX_LANGUAGE_STANDARD = "gnu++0x";
				CLANG_CXX_LIBRARY = "libc++";
				CLANG_ENABLE_MODULES = YES;
				CLANG_ENABLE_OBJC_ARC = YES;
				CLANG_WARN_BOOL_CONVERSION = YES;
				CLANG_WARN_CONSTANT_CONVERSION = YES;
				CLANG_WARN_DIRECT_OBJC_ISA_USAGE = YES_ERROR;
				CLANG_WARN_EMPTY_BODY = YES;
				CLANG_WARN_ENUM_CONVERSION = YES;
				CLANG_WARN_INT_CONVERSION = YES;
				CLANG_WARN_OBJC_ROOT_CLASS = YES_ERROR;
				CLANG_WARN_UNREACHABLE_CODE = YES;
				CLANG_WARN__DUPLICATE_METHOD_MATCH = YES;
				"CODE_SIGN_IDENTITY[sdk=iphoneos*]" = "iPhone Developer";
				COPY_PHASE_STRIP = NO;
				ENABLE_STRICT_OBJC_MSGSEND = YES;
				GCC_C_LANGUAGE_STANDARD = gnu99;
				GCC_DYNAMIC_NO_PIC = NO;
				GCC_OPTIMIZATION_LEVEL = 0;
				GCC_PREPROCESSOR_DEFINITIONS = (
					"DEBUG=1",
					"$(inherited)",
				);
				GCC_SYMBOLS_PRIVATE_EXTERN = NO;
				GCC_WARN_64_TO_32_BIT_CONVERSION = YES;
				GCC_WARN_ABOUT_RETURN_TYPE = YES_ERROR;
				GCC_WARN_UNDECLARED_SELECTOR = YES;
				GCC_WARN_UNINITIALIZED_AUTOS = YES_AGGRESSIVE;
				GCC_WARN_UNUSED_FUNCTION = YES;
				GCC_WARN_UNUSED_VARIABLE = YES;
				HEADER_SEARCH_PATHS = (
					"$(inherited)",
					/Applications/Xcode.app/Contents/Developer/Toolchains/XcodeDefault.xctoolchain/usr/include,
					"$(SRCROOT)/node_modules/react-native/React/**",
				);
				IPHONEOS_DEPLOYMENT_TARGET = 7.0;
				MTL_ENABLE_DEBUG_INFO = YES;
				ONLY_ACTIVE_ARCH = YES;
				SDKROOT = iphoneos;
			};
			name = Debug;
		};
		83CBBA211A601CBA00E9B192 /* Release */ = {
			isa = XCBuildConfiguration;
			buildSettings = {
				ALWAYS_SEARCH_USER_PATHS = NO;
				CLANG_CXX_LANGUAGE_STANDARD = "gnu++0x";
				CLANG_CXX_LIBRARY = "libc++";
				CLANG_ENABLE_MODULES = YES;
				CLANG_ENABLE_OBJC_ARC = YES;
				CLANG_WARN_BOOL_CONVERSION = YES;
				CLANG_WARN_CONSTANT_CONVERSION = YES;
				CLANG_WARN_DIRECT_OBJC_ISA_USAGE = YES_ERROR;
				CLANG_WARN_EMPTY_BODY = YES;
				CLANG_WARN_ENUM_CONVERSION = YES;
				CLANG_WARN_INT_CONVERSION = YES;
				CLANG_WARN_OBJC_ROOT_CLASS = YES_ERROR;
				CLANG_WARN_UNREACHABLE_CODE = YES;
				CLANG_WARN__DUPLICATE_METHOD_MATCH = YES;
				"CODE_SIGN_IDENTITY[sdk=iphoneos*]" = "iPhone Developer";
				COPY_PHASE_STRIP = YES;
				ENABLE_NS_ASSERTIONS = NO;
				ENABLE_STRICT_OBJC_MSGSEND = YES;
				GCC_C_LANGUAGE_STANDARD = gnu99;
				GCC_WARN_64_TO_32_BIT_CONVERSION = YES;
				GCC_WARN_ABOUT_RETURN_TYPE = YES_ERROR;
				GCC_WARN_UNDECLARED_SELECTOR = YES;
				GCC_WARN_UNINITIALIZED_AUTOS = YES_AGGRESSIVE;
				GCC_WARN_UNUSED_FUNCTION = YES;
				GCC_WARN_UNUSED_VARIABLE = YES;
				HEADER_SEARCH_PATHS = (
					"$(inherited)",
					/Applications/Xcode.app/Contents/Developer/Toolchains/XcodeDefault.xctoolchain/usr/include,
					"$(SRCROOT)/node_modules/react-native/React/**",
				);
				IPHONEOS_DEPLOYMENT_TARGET = 7.0;
				MTL_ENABLE_DEBUG_INFO = NO;
				SDKROOT = iphoneos;
				VALIDATE_PRODUCT = YES;
			};
			name = Release;
		};
/* End XCBuildConfiguration section */

/* Begin XCConfigurationList section */
		7CECB5031B57EE2B00B6A8A2 /* Build configuration list for PBXNativeTarget "RCTGooglePlusLogin" */ = {
			isa = XCConfigurationList;
			buildConfigurations = (
				7CECB5041B57EE2B00B6A8A2 /* Debug */,
				7CECB5051B57EE2B00B6A8A2 /* Release */,
			);
			defaultConfigurationIsVisible = 0;
			defaultConfigurationName = Release;
		};
		83CBB9FA1A601CBA00E9B192 /* Build configuration list for PBXProject "RCTGooglePlusLogin" */ = {
			isa = XCConfigurationList;
			buildConfigurations = (
				83CBBA201A601CBA00E9B192 /* Debug */,
				83CBBA211A601CBA00E9B192 /* Release */,
			);
			defaultConfigurationIsVisible = 0;
			defaultConfigurationName = Release;
		};
/* End XCConfigurationList section */
	};
	rootObject = 83CBB9F71A601CBA00E9B192 /* Project object */;
}
